
Microsoft Visual Studio Solution File, Format Version 12.00
Project("{FAE04EC0-301F-11D3-BF4B-00C04F79EFBC}") = "api", "api\api.csproj", "{8440D70C-AA80-4833-9A85-684ADD13675B}"
EndProject
Project("{FAE04EC0-301F-11D3-BF4B-00C04F79EFBC}") = "service", "service\service.csproj", "{5B40F6FF-1B1A-4A21-8462-D4AA1E98062A}"
EndProject
Project("{FAE04EC0-301F-11D3-BF4B-00C04F79EFBC}") = "infrastructure", "infrastructure\infrastructure.csproj", "{B9E18DA3-A7DF-46C9-BA3E-2839FF81D2A2}"
EndProject
Global
	GlobalSection(SolutionConfigurationPlatforms) = preSolution
		Debug|Any CPU = Debug|Any CPU
		Release|Any CPU = Release|Any CPU
	EndGlobalSection
	GlobalSection(ProjectConfigurationPlatforms) = postSolution
		{8440D70C-AA80-4833-9A85-684ADD13675B}.Debug|Any CPU.ActiveCfg = Debug|Any CPU
		{8440D70C-AA80-4833-9A85-684ADD13675B}.Debug|Any CPU.Build.0 = Debug|Any CPU
		{8440D70C-AA80-4833-9A85-684ADD13675B}.Release|Any CPU.ActiveCfg = Release|Any CPU
		{8440D70C-AA80-4833-9A85-684ADD13675B}.Release|Any CPU.Build.0 = Release|Any CPU
		{5B40F6FF-1B1A-4A21-8462-D4AA1E98062A}.Debug|Any CPU.ActiveCfg = Debug|Any CPU
		{5B40F6FF-1B1A-4A21-8462-D4AA1E98062A}.Debug|Any CPU.Build.0 = Debug|Any CPU
		{5B40F6FF-1B1A-4A21-8462-D4AA1E98062A}.Release|Any CPU.ActiveCfg = Release|Any CPU
		{5B40F6FF-1B1A-4A21-8462-D4AA1E98062A}.Release|Any CPU.Build.0 = Release|Any CPU
		{B9E18DA3-A7DF-46C9-BA3E-2839FF81D2A2}.Debug|Any CPU.ActiveCfg = Debug|Any CPU
		{B9E18DA3-A7DF-46C9-BA3E-2839FF81D2A2}.Debug|Any CPU.Build.0 = Debug|Any CPU
		{B9E18DA3-A7DF-46C9-BA3E-2839FF81D2A2}.Release|Any CPU.ActiveCfg = Release|Any CPU
		{B9E18DA3-A7DF-46C9-BA3E-2839FF81D2A2}.Release|Any CPU.Build.0 = Release|Any CPU
	EndGlobalSection
EndGlobal
